github.com/go-playground/assert/v2 v2.0.1/go.mod h1:VDjEfimB/XKnb+ZQfWdccd7VUvScMdVu0Titje2rxJ4=
github.com/hashicorp/go-uuid v1.0.2 h1:cfejS+Tpcp13yd5nYHWDI6qVCny6wyX2Mt5SGur2IGE=
github.com/hashicorp/go-uuid v1.0.2/go.mod h1:6SBZvOh/SIDV7/2o3Jml5SYk/TvGqwFJ/bN7x4byOro=
github.com/hetacode/go-eh v0.0.3 h1:B1XT1aag5unlcF59qJwBJS96bY4atkhVm5A0WwG1ow0=
github.com/hetacode/go-eh v0.0.3/go.mod h1:EBaF2M7EOJaMMzy+OKUBHbaUhuLUTPgp1Dm8bsiu5nU=
